
Microsoft Visual Studio Solution File, Format Version 12.00
# Visual Studio Version 16
VisualStudioVersion = 25.0.1700.4
MinimumVisualStudioVersion = 10.0.40219.1
Project("{FAE04EC0-301F-11D3-BF4B-00C04F79EFBC}") = "Deloitte_Project", "Deloitte_Project\Deloitte_Project.csproj", "{56F91E77-E5B7-4B05-9155-3800AE3C6703}"
EndProject
Global
	GlobalSection(SolutionConfigurationPlatforms) = preSolution
		Debug|Any CPU = Debug|Any CPU
		Release|Any CPU = Release|Any CPU
	EndGlobalSection
	GlobalSection(ProjectConfigurationPlatforms) = postSolution
		{56F91E77-E5B7-4B05-9155-3800AE3C6703}.Debug|Any CPU.ActiveCfg = Debug|Any CPU
		{56F91E77-E5B7-4B05-9155-3800AE3C6703}.Debug|Any CPU.Build.0 = Debug|Any CPU
		{56F91E77-E5B7-4B05-9155-3800AE3C6703}.Release|Any CPU.ActiveCfg = Release|Any CPU
		{56F91E77-E5B7-4B05-9155-3800AE3C6703}.Release|Any CPU.Build.0 = Release|Any CPU
	EndGlobalSection
	GlobalSection(SolutionProperties) = preSolution
		HideSolutionNode = FALSE
	EndGlobalSection
	GlobalSection(ExtensibilityGlobals) = postSolution
		SolutionGuid = {3CB47081-5FA5-4F4A-866E-D9B9E690C6F6}
	EndGlobalSection
EndGlobal
